// !$*UTF8*$!
{
	archiveVersion = 1;
	classes = {
	};
	objectVersion = 50;
	objects = {

/* Begin PBXBuildFile section */
		3D816CD02796242C009A2B78 /* AppDelegate.swift in Sources */ = {isa = PBXBuildFile; fileRef = 3D816CCF2796242C009A2B78 /* AppDelegate.swift */; };
		3D816CD22796242C009A2B78 /* ViewController.swift in Sources */ = {isa = PBXBuildFile; fileRef = 3D816CD12796242C009A2B78 /* ViewController.swift */; };
		3D816CD52796242C009A2B78 /* Main.storyboard in Resources */ = {isa = PBXBuildFile; fileRef = 3D816CD32796242C009A2B78 /* Main.storyboard */; };
		3D816CD727962430009A2B78 /* Assets.xcassets in Resources */ = {isa = PBXBuildFile; fileRef = 3D816CD627962430009A2B78 /* Assets.xcassets */; };
		3D816CDA27962430009A2B78 /* LaunchScreen.storyboard in Resources */ = {isa = PBXBuildFile; fileRef = 3D816CD827962430009A2B78 /* LaunchScreen.storyboard */; };
		3D816CE527962430009A2B78 /* DiagnosticoJesusTests.swift in Sources */ = {isa = PBXBuildFile; fileRef = 3D816CE427962430009A2B78 /* DiagnosticoJesusTests.swift */; };
		3D816CF027962430009A2B78 /* DiagnosticoJesusUITests.swift in Sources */ = {isa = PBXBuildFile; fileRef = 3D816CEF27962430009A2B78 /* DiagnosticoJesusUITests.swift */; };
		3D816CFE27962ADB009A2B78 /* Lineage.swift in Sources */ = {isa = PBXBuildFile; fileRef = 3D816CFD27962ADB009A2B78 /* Lineage.swift */; };
		3D816D0027962C0D009A2B78 /* CeldaLineageController.swift in Sources */ = {isa = PBXBuildFile; fileRef = 3D816CFF27962C0D009A2B78 /* CeldaLineageController.swift */; };
		3D816D0227964D76009A2B78 /* DetallesLineageController.swift in Sources */ = {isa = PBXBuildFile; fileRef = 3D816D0127964D76009A2B78 /* DetallesLineageController.swift */; };
/* End PBXBuildFile section */

/* Begin PBXContainerItemProxy section */
		3D816CE127962430009A2B78 /* PBXContainerItemProxy */ = {
			isa = PBXContainerItemProxy;
			containerPortal = 3D816CC42796242C009A2B78 /* Project object */;
			proxyType = 1;
			remoteGlobalIDString = 3D816CCB2796242C009A2B78;
			remoteInfo = DiagnosticoJesus;
		};
		3D816CEC27962430009A2B78 /* PBXContainerItemProxy */ = {
			isa = PBXContainerItemProxy;
			containerPortal = 3D816CC42796242C009A2B78 /* Project object */;
			proxyType = 1;
			remoteGlobalIDString = 3D816CCB2796242C009A2B78;
			remoteInfo = DiagnosticoJesus;
		};
/* End PBXContainerItemProxy section */

/* Begin PBXFileReference section */
		3D816CCC2796242C009A2B78 /* DiagnosticoJesus.app */ = {isa = PBXFileReference; explicitFileType = wrapper.application; includeInIndex = 0; path = DiagnosticoJesus.app; sourceTree = BUILT_PRODUCTS_DIR; };
		3D816CCF2796242C009A2B78 /* AppDelegate.swift */ = {isa = PBXFileReference; lastKnownFileType = sourcecode.swift; path = AppDelegate.swift; sourceTree = "<group>"; };
		3D816CD12796242C009A2B78 /* ViewController.swift */ = {isa = PBXFileReference; lastKnownFileType = sourcecode.swift; path = ViewController.swift; sourceTree = "<group>"; };
		3D816CD42796242C009A2B78 /* Base */ = {isa = PBXFileReference; lastKnownFileType = file.storyboard; name = Base; path = Base.lproj/Main.storyboard; sourceTree = "<group>"; };
		3D816CD627962430009A2B78 /* Assets.xcassets */ = {isa = PBXFileReference; lastKnownFileType = folder.assetcatalog; path = Assets.xcassets; sourceTree = "<group>"; };
		3D816CD927962430009A2B78 /* Base */ = {isa = PBXFileReference; lastKnownFileType = file.storyboard; name = Base; path = Base.lproj/LaunchScreen.storyboard; sourceTree = "<group>"; };
		3D816CDB27962430009A2B78 /* Info.plist */ = {isa = PBXFileReference; lastKnownFileType = text.plist.xml; path = Info.plist; sourceTree = "<group>"; };
		3D816CE027962430009A2B78 /* DiagnosticoJesusTests.xctest */ = {isa = PBXFileReference; explicitFileType = wrapper.cfbundle; includeInIndex = 0; path = DiagnosticoJesusTests.xctest; sourceTree = BUILT_PRODUCTS_DIR; };
		3D816CE427962430009A2B78 /* DiagnosticoJesusTests.swift */ = {isa = PBXFileReference; lastKnownFileType = sourcecode.swift; path = DiagnosticoJesusTests.swift; sourceTree = "<group>"; };
		3D816CE627962430009A2B78 /* Info.plist */ = {isa = PBXFileReference; lastKnownFileType = text.plist.xml; path = Info.plist; sourceTree = "<group>"; };
		3D816CEB27962430009A2B78 /* DiagnosticoJesusUITests.xctest */ = {isa = PBXFileReference; explicitFileType = wrapper.cfbundle; includeInIndex = 0; path = DiagnosticoJesusUITests.xctest; sourceTree = BUILT_PRODUCTS_DIR; };
		3D816CEF27962430009A2B78 /* DiagnosticoJesusUITests.swift */ = {isa = PBXFileReference; lastKnownFileType = sourcecode.swift; path = DiagnosticoJesusUITests.swift; sourceTree = "<group>"; };
		3D816CF127962430009A2B78 /* Info.plist */ = {isa = PBXFileReference; lastKnownFileType = text.plist.xml; path = Info.plist; sourceTree = "<group>"; };
		3D816CFD27962ADB009A2B78 /* Lineage.swift */ = {isa = PBXFileReference; lastKnownFileType = sourcecode.swift; path = Lineage.swift; sourceTree = "<group>"; };
		3D816CFF27962C0D009A2B78 /* CeldaLineageController.swift */ = {isa = PBXFileReference; lastKnownFileType = sourcecode.swift; path = CeldaLineageController.swift; sourceTree = "<group>"; };
		3D816D0127964D76009A2B78 /* DetallesLineageController.swift */ = {isa = PBXFileReference; lastKnownFileType = sourcecode.swift; path = DetallesLineageController.swift; sourceTree = "<group>"; };
/* End PBXFileReference section */

/* Begin PBXFrameworksBuildPhase section */
		3D816CC92796242C009A2B78 /* Frameworks */ = {
			isa = PBXFrameworksBuildPhase;
			buildActionMask = 2147483647;
			files = (
			);
			runOnlyForDeploymentPostprocessing = 0;
		};
		3D816CDD27962430009A2B78 /* Frameworks */ = {
			isa = PBXFrameworksBuildPhase;
			buildActionMask = 2147483647;
			files = (
			);
			runOnlyForDeploymentPostprocessing = 0;
		};
		3D816CE827962430009A2B78 /* Frameworks */ = {
			isa = PBXFrameworksBuildPhase;
			buildActionMask = 2147483647;
			files = (
			);
			runOnlyForDeploymentPostprocessing = 0;
		};
/* End PBXFrameworksBuildPhase section */

/* Begin PBXGroup section */
		3D816CC32796242C009A2B78 = {
			isa = PBXGroup;
			children = (
				3D816CCE2796242C009A2B78 /* DiagnosticoJesus */,
				3D816CE327962430009A2B78 /* DiagnosticoJesusTests */,
				3D816CEE27962430009A2B78 /* DiagnosticoJesusUITests */,
				3D816CCD2796242C009A2B78 /* Products */,
			);
			sourceTree = "<group>";
		};
		3D816CCD2796242C009A2B78 /* Products */ = {
			isa = PBXGroup;
			children = (
				3D816CCC2796242C009A2B78 /* DiagnosticoJesus.app */,
				3D816CE027962430009A2B78 /* DiagnosticoJesusTests.xctest */,
				3D816CEB27962430009A2B78 /* DiagnosticoJesusUITests.xctest */,
			);
			name = Products;
			sourceTree = "<group>";
		};
		3D816CCE2796242C009A2B78 /* DiagnosticoJesus */ = {
			isa = PBXGroup;
			children = (
				3D816CCF2796242C009A2B78 /* AppDelegate.swift */,
				3D816CD12796242C009A2B78 /* ViewController.swift */,
				3D816CD32796242C009A2B78 /* Main.storyboard */,
				3D816CD627962430009A2B78 /* Assets.xcassets */,
				3D816CD827962430009A2B78 /* LaunchScreen.storyboard */,
				3D816CDB27962430009A2B78 /* Info.plist */,
				3D816CFD27962ADB009A2B78 /* Lineage.swift */,
				3D816CFF27962C0D009A2B78 /* CeldaLineageController.swift */,
				3D816D0127964D76009A2B78 /* DetallesLineageController.swift */,
			);
			path = DiagnosticoJesus;
			sourceTree = "<group>";
		};
		3D816CE327962430009A2B78 /* DiagnosticoJesusTests */ = {
			isa = PBXGroup;
			children = (
				3D816CE427962430009A2B78 /* DiagnosticoJesusTests.swift */,
				3D816CE627962430009A2B78 /* Info.plist */,
			);
			path = DiagnosticoJesusTests;
			sourceTree = "<group>";
		};
		3D816CEE27962430009A2B78 /* DiagnosticoJesusUITests */ = {
			isa = PBXGroup;
			children = (
				3D816CEF27962430009A2B78 /* DiagnosticoJesusUITests.swift */,
				3D816CF127962430009A2B78 /* Info.plist */,
			);
			path = DiagnosticoJesusUITests;
			sourceTree = "<group>";
		};
/* End PBXGroup section */

/* Begin PBXNativeTarget section */
		3D816CCB2796242C009A2B78 /* DiagnosticoJesus */ = {
			isa = PBXNativeTarget;
			buildConfigurationList = 3D816CF427962430009A2B78 /* Build configuration list for PBXNativeTarget "DiagnosticoJesus" */;
			buildPhases = (
				3D816CC82796242C009A2B78 /* Sources */,
				3D816CC92796242C009A2B78 /* Frameworks */,
				3D816CCA2796242C009A2B78 /* Resources */,
			);
			buildRules = (
			);
			dependencies = (
			);
			name = DiagnosticoJesus;
			productName = DiagnosticoJesus;
			productReference = 3D816CCC2796242C009A2B78 /* DiagnosticoJesus.app */;
			productType = "com.apple.product-type.application";
		};
		3D816CDF27962430009A2B78 /* DiagnosticoJesusTests */ = {
			isa = PBXNativeTarget;
			buildConfigurationList = 3D816CF727962430009A2B78 /* Build configuration list for PBXNativeTarget "DiagnosticoJesusTests" */;
			buildPhases = (
				3D816CDC27962430009A2B78 /* Sources */,
				3D816CDD27962430009A2B78 /* Frameworks */,
				3D816CDE27962430009A2B78 /* Resources */,
			);
			buildRules = (
			);
			dependencies = (
				3D816CE227962430009A2B78 /* PBXTargetDependency */,
			);
			name = DiagnosticoJesusTests;
			productName = DiagnosticoJesusTests;
			productReference = 3D816CE027962430009A2B78 /* DiagnosticoJesusTests.xctest */;
			productType = "com.apple.product-type.bundle.unit-test";
		};
		3D816CEA27962430009A2B78 /* DiagnosticoJesusUITests */ = {
			isa = PBXNativeTarget;
			buildConfigurationList = 3D816CFA27962430009A2B78 /* Build configuration list for PBXNativeTarget "DiagnosticoJesusUITests" */;
			buildPhases = (
				3D816CE727962430009A2B78 /* Sources */,
				3D816CE827962430009A2B78 /* Frameworks */,
				3D816CE927962430009A2B78 /* Resources */,
			);
			buildRules = (
			);
			dependencies = (
				3D816CED27962430009A2B78 /* PBXTargetDependency */,
			);
			name = DiagnosticoJesusUITests;
			productName = DiagnosticoJesusUITests;
			productReference = 3D816CEB27962430009A2B78 /* DiagnosticoJesusUITests.xctest */;
			productType = "com.apple.product-type.bundle.ui-testing";
		};
/* End PBXNativeTarget section */

/* Begin PBXProject section */
		3D816CC42796242C009A2B78 /* Project object */ = {
			isa = PBXProject;
			attributes = {
				LastSwiftUpdateCheck = 1030;
				LastUpgradeCheck = 1030;
				ORGANIZATIONNAME = Alumno;
				TargetAttributes = {
					3D816CCB2796242C009A2B78 = {
						CreatedOnToolsVersion = 10.3;
					};
					3D816CDF27962430009A2B78 = {
						CreatedOnToolsVersion = 10.3;
						TestTargetID = 3D816CCB2796242C009A2B78;
					};
					3D816CEA27962430009A2B78 = {
						CreatedOnToolsVersion = 10.3;
						TestTargetID = 3D816CCB2796242C009A2B78;
					};
				};
			};
			buildConfigurationList = 3D816CC72796242C009A2B78 /* Build configuration list for PBXProject "DiagnosticoJesus" */;
			compatibilityVersion = "Xcode 9.3";
			developmentRegion = en;
			hasScannedForEncodings = 0;
			knownRegions = (
				en,
				Base,
			);
			mainGroup = 3D816CC32796242C009A2B78;
			productRefGroup = 3D816CCD2796242C009A2B78 /* Products */;
			projectDirPath = "";
			projectRoot = "";
			targets = (
				3D816CCB2796242C009A2B78 /* DiagnosticoJesus */,
				3D816CDF27962430009A2B78 /* DiagnosticoJesusTests */,
				3D816CEA27962430009A2B78 /* DiagnosticoJesusUITests */,
			);
		};
/* End PBXProject section */

/* Begin PBXResourcesBuildPhase section */
		3D816CCA2796242C009A2B78 /* Resources */ = {
			isa = PBXResourcesBuildPhase;
			buildActionMask = 2147483647;
			files = (
				3D816CDA27962430009A2B78 /* LaunchScreen.storyboard in Resources */,
				3D816CD727962430009A2B78 /* Assets.xcassets in Resources */,
				3D816CD52796242C009A2B78 /* Main.storyboard in Resources */,
			);
			runOnlyForDeploymentPostprocessing = 0;
		};
		3D816CDE27962430009A2B78 /* Resources */ = {
			isa = PBXResourcesBuildPhase;
			buildActionMask = 2147483647;
			files = (
			);
			runOnlyForDeploymentPostprocessing = 0;
		};
		3D816CE927962430009A2B78 /* Resources */ = {
			isa = PBXResourcesBuildPhase;
			buildActionMask = 2147483647;
			files = (
			);
			runOnlyForDeploymentPostprocessing = 0;
		};
/* End PBXResourcesBuildPhase section */

/* Begin PBXSourcesBuildPhase section */
		3D816CC82796242C009A2B78 /* Sources */ = {
			isa = PBXSourcesBuildPhase;
			buildActionMask = 2147483647;
			files = (
				3D816CD22796242C009A2B78 /* ViewController.swift in Sources */,
				3D816D0027962C0D009A2B78 /* CeldaLineageController.swift in Sources */,
				3D816CD02796242C009A2B78 /* AppDelegate.swift in Sources */,
				3D816D0227964D76009A2B78 /* DetallesLineageController.swift in Sources */,
				3D816CFE27962ADB009A2B78 /* Lineage.swift in Sources */,
			);
			runOnlyForDeploymentPostprocessing = 0;
		};
		3D816CDC27962430009A2B78 /* Sources */ = {
			isa = PBXSourcesBuildPhase;
			buildActionMask = 2147483647;
			files = (
				3D816CE527962430009A2B78 /* DiagnosticoJesusTests.swift in Sources */,
			);
			runOnlyForDeploymentPostprocessing = 0;
		};
		3D816CE727962430009A2B78 /* Sources */ = {
			isa = PBXSourcesBuildPhase;
			buildActionMask = 2147483647;
			files = (
				3D816CF027962430009A2B78 /* DiagnosticoJesusUITests.swift in Sources */,
			);
			runOnlyForDeploymentPostprocessing = 0;
		};
/* End PBXSourcesBuildPhase section */

/* Begin PBXTargetDependency section */
		3D816CE227962430009A2B78 /* PBXTargetDependency */ = {
			isa = PBXTargetDependency;
			target = 3D816CCB2796242C009A2B78 /* DiagnosticoJesus */;
			targetProxy = 3D816CE127962430009A2B78 /* PBXContainerItemProxy */;
		};
		3D816CED27962430009A2B78 /* PBXTargetDependency */ = {
			isa = PBXTargetDependency;
			target = 3D816CCB2796242C009A2B78 /* DiagnosticoJesus */;
			targetProxy = 3D816CEC27962430009A2B78 /* PBXContainerItemProxy */;
		};
/* End PBXTargetDependency section */

/* Begin PBXVariantGroup section */
		3D816CD32796242C009A2B78 /* Main.storyboard */ = {
			isa = PBXVariantGroup;
			children = (
				3D816CD42796242C009A2B78 /* Base */,
			);
			name = Main.storyboard;
			sourceTree = "<group>";
		};
		3D816CD827962430009A2B78 /* LaunchScreen.storyboard */ = {
			isa = PBXVariantGroup;
			children = (
				3D816CD927962430009A2B78 /* Base */,
			);
			name = LaunchScreen.storyboard;
			sourceTree = "<group>";
		};
/* End PBXVariantGroup section */

/* Begin XCBuildConfiguration section */
		3D816CF227962430009A2B78 /* Debug */ = {
			isa = XCBuildConfiguration;
			buildSettings = {
				ALWAYS_SEARCH_USER_PATHS = NO;
				CLANG_ANALYZER_NONNULL = YES;
				CLANG_ANALYZER_NUMBER_OBJECT_CONVERSION = YES_AGGRESSIVE;
				CLANG_CXX_LANGUAGE_STANDARD = "gnu++14";
				CLANG_CXX_LIBRARY = "libc++";
				CLANG_ENABLE_MODULES = YES;
				CLANG_ENABLE_OBJC_ARC = YES;
				CLANG_ENABLE_OBJC_WEAK = YES;
				CLANG_WARN_BLOCK_CAPTURE_AUTORELEASING = YES;
				CLANG_WARN_BOOL_CONVERSION = YES;
				CLANG_WARN_COMMA = YES;
				CLANG_WARN_CONSTANT_CONVERSION = YES;
				CLANG_WARN_DEPRECATED_OBJC_IMPLEMENTATIONS = YES;
				CLANG_WARN_DIRECT_OBJC_ISA_USAGE = YES_ERROR;
				CLANG_WARN_DOCUMENTATION_COMMENTS = YES;
				CLANG_WARN_EMPTY_BODY = YES;
				CLANG_WARN_ENUM_CONVERSION = YES;
				CLANG_WARN_INFINITE_RECURSION = YES;
				CLANG_WARN_INT_CONVERSION = YES;
				CLANG_WARN_NON_LITERAL_NULL_CONVERSION = YES;
				CLANG_WARN_OBJC_IMPLICIT_RETAIN_SELF = YES;
				CLANG_WARN_OBJC_LITERAL_CONVERSION = YES;
				CLANG_WARN_OBJC_ROOT_CLASS = YES_ERROR;
				CLANG_WARN_RANGE_LOOP_ANALYSIS = YES;
				CLANG_WARN_STRICT_PROTOTYPES = YES;
				CLANG_WARN_SUSPICIOUS_MOVE = YES;
				CLANG_WARN_UNGUARDED_AVAILABILITY = YES_AGGRESSIVE;
				CLANG_WARN_UNREACHABLE_CODE = YES;
				CLANG_WARN__DUPLICATE_METHOD_MATCH = YES;
				CODE_SIGN_IDENTITY = "iPhone Developer";
				COPY_PHASE_STRIP = NO;
				DEBUG_INFORMATION_FORMAT = dwarf;
				ENABLE_STRICT_OBJC_MSGSEND = YES;
				ENABLE_TESTABILITY = YES;
				GCC_C_LANGUAGE_STANDARD = gnu11;
				GCC_DYNAMIC_NO_PIC = NO;
				GCC_NO_COMMON_BLOCKS = YES;
				GCC_OPTIMIZATION_LEVEL = 0;
				GCC_PREPROCESSOR_DEFINITIONS = (
					"DEBUG=1",
					"$(inherited)",
				);
				GCC_WARN_64_TO_32_BIT_CONVERSION = YES;
				GCC_WARN_ABOUT_RETURN_TYPE = YES_ERROR;
				GCC_WARN_UNDECLARED_SELECTOR = YES;
				GCC_WARN_UNINITIALIZED_AUTOS = YES_AGGRESSIVE;
				GCC_WARN_UNUSED_FUNCTION = YES;
				GCC_WARN_UNUSED_VARIABLE = YES;
				IPHONEOS_DEPLOYMENT_TARGET = 12.4;
				MTL_ENABLE_DEBUG_INFO = INCLUDE_SOURCE;
				MTL_FAST_MATH = YES;
				ONLY_ACTIVE_ARCH = YES;
				SDKROOT = iphoneos;
				SWIFT_ACTIVE_COMPILATION_CONDITIONS = DEBUG;
				SWIFT_OPTIMIZATION_LEVEL = "-Onone";
			};
			name = Debug;
		};
		3D816CF327962430009A2B78 /* Release */ = {
			isa = XCBuildConfiguration;
			buildSettings = {
				ALWAYS_SEARCH_USER_PATHS = NO;
				CLANG_ANALYZER_NONNULL = YES;
				CLANG_ANALYZER_NUMBER_OBJECT_CONVERSION = YES_AGGRESSIVE;
				CLANG_CXX_LANGUAGE_STANDARD = "gnu++14";
				CLANG_CXX_LIBRARY = "libc++";
				CLANG_ENABLE_MODULES = YES;
				CLANG_ENABLE_OBJC_ARC = YES;
				CLANG_ENABLE_OBJC_WEAK = YES;
				CLANG_WARN_BLOCK_CAPTURE_AUTORELEASING = YES;
				CLANG_WARN_BOOL_CONVERSION = YES;
				CLANG_WARN_COMMA = YES;
				CLANG_WARN_CONSTANT_CONVERSION = YES;
				CLANG_WARN_DEPRECATED_OBJC_IMPLEMENTATIONS = YES;
				CLANG_WARN_DIRECT_OBJC_ISA_USAGE = YES_ERROR;
				CLANG_WARN_DOCUMENTATION_COMMENTS = YES;
				CLANG_WARN_EMPTY_BODY = YES;
				CLANG_WARN_ENUM_CONVERSION = YES;
				CLANG_WARN_INFINITE_RECURSION = YES;
				CLANG_WARN_INT_CONVERSION = YES;
				CLANG_WARN_NON_LITERAL_NULL_CONVERSION = YES;
				CLANG_WARN_OBJC_IMPLICIT_RETAIN_SELF = YES;
				CLANG_WARN_OBJC_LITERAL_CONVERSION = YES;
				CLANG_WARN_OBJC_ROOT_CLASS = YES_ERROR;
				CLANG_WARN_RANGE_LOOP_ANALYSIS = YES;
				CLANG_WARN_STRICT_PROTOTYPES = YES;
				CLANG_WARN_SUSPICIOUS_MOVE = YES;
				CLANG_WARN_UNGUARDED_AVAILABILITY = YES_AGGRESSIVE;
				CLANG_WARN_UNREACHABLE_CODE = YES;
				CLANG_WARN__DUPLICATE_METHOD_MATCH = YES;
				CODE_SIGN_IDENTITY = "iPhone Developer";
				COPY_PHASE_STRIP = NO;
				DEBUG_INFORMATION_FORMAT = "dwarf-with-dsym";
				ENABLE_NS_ASSERTIONS = NO;
				ENABLE_STRICT_OBJC_MSGSEND = YES;
				GCC_C_LANGUAGE_STANDARD = gnu11;
				GCC_NO_COMMON_BLOCKS = YES;
				GCC_WARN_64_TO_32_BIT_CONVERSION = YES;
				GCC_WARN_ABOUT_RETURN_TYPE = YES_ERROR;
				GCC_WARN_UNDECLARED_SELECTOR = YES;
				GCC_WARN_UNINITIALIZED_AUTOS = YES_AGGRESSIVE;
				GCC_WARN_UNUSED_FUNCTION = YES;
				GCC_WARN_UNUSED_VARIABLE = YES;
				IPHONEOS_DEPLOYMENT_TARGET = 12.4;
				MTL_ENABLE_DEBUG_INFO = NO;
				MTL_FAST_MATH = YES;
				SDKROOT = iphoneos;
				SWIFT_COMPILATION_MODE = wholemodule;
				SWIFT_OPTIMIZATION_LEVEL = "-O";
				VALIDATE_PRODUCT = YES;
			};
			name = Release;
		};
		3D816CF527962430009A2B78 /* Debug */ = {
			isa = XCBuildConfiguration;
			buildSettings = {
				ASSETCATALOG_COMPILER_APPICON_NAME = AppIcon;
				CODE_SIGN_STYLE = Automatic;
				DEVELOPMENT_TEAM = 9452YKK9XT;
				INFOPLIST_FILE = DiagnosticoJesus/Info.plist;
				LD_RUNPATH_SEARCH_PATHS = (
					"$(inherited)",
					"@executable_path/Frameworks",
				);
				PRODUCT_BUNDLE_IDENTIFIER = edu.ulsa.DiagnosticoJesus;
				PRODUCT_NAME = "$(TARGET_NAME)";
				SWIFT_VERSION = 5.0;
				TARGETED_DEVICE_FAMILY = "1,2";
			};
			name = Debug;
		};
		3D816CF627962430009A2B78 /* Release */ = {
			isa = XCBuildConfiguration;
			buildSettings = {
				ASSETCATALOG_COMPILER_APPICON_NAME = AppIcon;
				CODE_SIGN_STYLE = Automatic;
				DEVELOPMENT_TEAM = 9452YKK9XT;
				INFOPLIST_FILE = DiagnosticoJesus/Info.plist;
				LD_RUNPATH_SEARCH_PATHS = (
					"$(inherited)",
					"@executable_path/Frameworks",
				);
				PRODUCT_BUNDLE_IDENTIFIER = edu.ulsa.DiagnosticoJesus;
				PRODUCT_NAME = "$(TARGET_NAME)";
				SWIFT_VERSION = 5.0;
				TARGETED_DEVICE_FAMILY = "1,2";
			};
			name = Release;
		};
		3D816CF827962430009A2B78 /* Debug */ = {
			isa = XCBuildConfiguration;
			buildSettings = {
				ALWAYS_EMBED_SWIFT_STANDARD_LIBRARIES = YES;
				BUNDLE_LOADER = "$(TEST_HOST)";
				CODE_SIGN_STYLE = Automatic;
				DEVELOPMENT_TEAM = 9452YKK9XT;
				INFOPLIST_FILE = DiagnosticoJesusTests/Info.plist;
				LD_RUNPATH_SEARCH_PATHS = (
					"$(inherited)",
					"@executable_path/Frameworks",
					"@loader_path/Frameworks",
				);
				PRODUCT_BUNDLE_IDENTIFIER = edu.ulsa.DiagnosticoJesusTests;
				PRODUCT_NAME = "$(TARGET_NAME)";
				SWIFT_VERSION = 5.0;
				TARGETED_DEVICE_FAMILY = "1,2";
				TEST_HOST = "$(BUILT_PRODUCTS_DIR)/DiagnosticoJesus.app/DiagnosticoJesus";
			};
			name = Debug;
		};
		3D816CF927962430009A2B78 /* Release */ = {
			isa = XCBuildConfiguration;
			buildSettings = {
				ALWAYS_EMBED_SWIFT_STANDARD_LIBRARIES = YES;
				BUNDLE_LOADER = "$(TEST_HOST)";
				CODE_SIGN_STYLE = Automatic;
				DEVELOPMENT_TEAM = 9452YKK9XT;
				INFOPLIST_FILE = DiagnosticoJesusTests/Info.plist;
				LD_RUNPATH_SEARCH_PATHS = (
					"$(inherited)",
					"@executable_path/Frameworks",
					"@loader_path/Frameworks",
				);
				PRODUCT_BUNDLE_IDENTIFIER = edu.ulsa.DiagnosticoJesusTests;
				PRODUCT_NAME = "$(TARGET_NAME)";
				SWIFT_VERSION = 5.0;
				TARGETED_DEVICE_FAMILY = "1,2";
				TEST_HOST = "$(BUILT_PRODUCTS_DIR)/DiagnosticoJesus.app/DiagnosticoJesus";
			};
			name = Release;
		};
		3D816CFB27962430009A2B78 /* Debug */ = {
			isa = XCBuildConfiguration;
			buildSettings = {
				ALWAYS_EMBED_SWIFT_STANDARD_LIBRARIES = YES;
				CODE_SIGN_STYLE = Automatic;
				DEVELOPMENT_TEAM = 9452YKK9XT;
				INFOPLIST_FILE = DiagnosticoJesusUITests/Info.plist;
				LD_RUNPATH_SEARCH_PATHS = (
					"$(inherited)",
					"@executable_path/Frameworks",
					"@loader_path/Frameworks",
				);
				PRODUCT_BUNDLE_IDENTIFIER = edu.ulsa.DiagnosticoJesusUITests;
				PRODUCT_NAME = "$(TARGET_NAME)";
				SWIFT_VERSION = 5.0;
				TARGETED_DEVICE_FAMILY = "1,2";
				TEST_TARGET_NAME = DiagnosticoJesus;
			};
			name = Debug;
		};
		3D816CFC27962430009A2B78 /* Release */ = {
			isa = XCBuildConfiguration;
			buildSettings = {
				ALWAYS_EMBED_SWIFT_STANDARD_LIBRARIES = YES;
				CODE_SIGN_STYLE = Automatic;
				DEVELOPMENT_TEAM = 9452YKK9XT;
				INFOPLIST_FILE = DiagnosticoJesusUITests/Info.plist;
				LD_RUNPATH_SEARCH_PATHS = (
					"$(inherited)",
					"@executable_path/Frameworks",
					"@loader_path/Frameworks",
				);
				PRODUCT_BUNDLE_IDENTIFIER = edu.ulsa.DiagnosticoJesusUITests;
				PRODUCT_NAME = "$(TARGET_NAME)";
				SWIFT_VERSION = 5.0;
				TARGETED_DEVICE_FAMILY = "1,2";
				TEST_TARGET_NAME = DiagnosticoJesus;
			};
			name = Release;
		};
/* End XCBuildConfiguration section */

/* Begin XCConfigurationList section */
		3D816CC72796242C009A2B78 /* Build configuration list for PBXProject "DiagnosticoJesus" */ = {
			isa = XCConfigurationList;
			buildConfigurations = (
				3D816CF227962430009A2B78 /* Debug */,
				3D816CF327962430009A2B78 /* Release */,
			);
			defaultConfigurationIsVisible = 0;
			defaultConfigurationName = Release;
		};
		3D816CF427962430009A2B78 /* Build configuration list for PBXNativeTarget "DiagnosticoJesus" */ = {
			isa = XCConfigurationList;
			buildConfigurations = (
				3D816CF527962430009A2B78 /* Debug */,
				3D816CF627962430009A2B78 /* Release */,
			);
			defaultConfigurationIsVisible = 0;
			defaultConfigurationName = Release;
		};
		3D816CF727962430009A2B78 /* Build configuration list for PBXNativeTarget "DiagnosticoJesusTests" */ = {
			isa = XCConfigurationList;
			buildConfigurations = (
				3D816CF827962430009A2B78 /* Debug */,
				3D816CF927962430009A2B78 /* Release */,
			);
			defaultConfigurationIsVisible = 0;
			defaultConfigurationName = Release;
		};
		3D816CFA27962430009A2B78 /* Build configuration list for PBXNativeTarget "DiagnosticoJesusUITests" */ = {
			isa = XCConfigurationList;
			buildConfigurations = (
				3D816CFB27962430009A2B78 /* Debug */,
				3D816CFC27962430009A2B78 /* Release */,
			);
			defaultConfigurationIsVisible = 0;
			defaultConfigurationName = Release;
		};
/* End XCConfigurationList section */
	};
	rootObject = 3D816CC42796242C009A2B78 /* Project object */;
}
